# This file is automatically @generated by Cargo.
# It is not intended for manual editing.
version = 4

[[package]]
name = "aho-corasick"
version = "1.1.3"
source = "registry+https://github.com/rust-lang/crates.io-index"
checksum = "8e60d3430d3a69478ad0993f19238d2df97c507009a52b3c10addcd7f6bcb916"
dependencies = [
 "memchr",
]

[[package]]
name = "allocator-api2"
version = "0.2.21"
source = "registry+https://github.com/rust-lang/crates.io-index"
checksum = "683d7910e743518b0e34f1186f92494becacb047c7b6bf616c96772180fef923"

[[package]]
name = "argh"
version = "0.1.13"
source = "registry+https://github.com/rust-lang/crates.io-index"
checksum = "34ff18325c8a36b82f992e533ece1ec9f9a9db446bd1c14d4f936bac88fcd240"
dependencies = [
 "argh_derive",
 "argh_shared",
 "rust-fuzzy-search",
]

[[package]]
name = "argh_derive"
version = "0.1.13"
source = "registry+https://github.com/rust-lang/crates.io-index"
checksum = "adb7b2b83a50d329d5d8ccc620f5c7064028828538bdf5646acd60dc1f767803"
dependencies = [
 "argh_shared",
 "proc-macro2",
 "quote",
 "syn",
]

[[package]]
name = "argh_shared"
version = "0.1.13"
source = "registry+https://github.com/rust-lang/crates.io-index"
checksum = "a464143cc82dedcdc3928737445362466b7674b5db4e2eb8e869846d6d84f4f6"

[[package]]
name = "bitflags"
version = "2.9.4"
source = "registry+https://github.com/rust-lang/crates.io-index"
checksum = "2261d10cca569e4643e526d8dc2e62e433cc8aba21ab764233731f8d369bf394"

[[package]]
name = "cc"
version = "1.2.41"
source = "registry+https://github.com/rust-lang/crates.io-index"
checksum = "ac9fe6cdbb24b6ade63616c0a0688e45bb56732262c158df3c0c4bea4ca47cb7"
dependencies = [
 "find-msvc-tools",
 "shlex",
]

[[package]]
name = "cmake"
version = "0.1.54"
source = "registry+https://github.com/rust-lang/crates.io-index"
checksum = "e7caa3f9de89ddbe2c607f4101924c5abec803763ae9534e4f4d7d8f84aa81f0"
dependencies = [
 "cc",
]

[[package]]
name = "csv"
version = "1.4.0"
source = "registry+https://github.com/rust-lang/crates.io-index"
checksum = "52cd9d68cf7efc6ddfaaee42e7288d3a99d613d4b50f76ce9827ae0c6e14f938"
dependencies = [
 "csv-core",
 "itoa",
 "ryu",
 "serde_core",
]

[[package]]
name = "csv-core"
version = "0.1.13"
source = "registry+https://github.com/rust-lang/crates.io-index"
checksum = "704a3c26996a80471189265814dbc2c257598b96b8a7feae2d31ace646bb9782"
dependencies = [
 "memchr",
]

[[package]]
name = "cty"
version = "0.2.2"
source = "registry+https://github.com/rust-lang/crates.io-index"
checksum = "b365fabc795046672053e29c954733ec3b05e4be654ab130fe8f1f94d7051f35"

[[package]]
name = "dict-to-mozc"
version = "0.6.16"
dependencies = [
 "argh",
 "lib-dict-to-mozc",
 "mimalloc",
 "mimalloc-rust",
 "snmalloc-rs",
 "tcmalloc",
]

[[package]]
name = "equivalent"
version = "1.0.2"
source = "registry+https://github.com/rust-lang/crates.io-index"
checksum = "877a4ace8713b0bcf2a4e7eec82529c029f1d0619886d18145fea96c3ffe5c0f"

[[package]]
name = "find-msvc-tools"
version = "0.1.4"
source = "registry+https://github.com/rust-lang/crates.io-index"
checksum = "52051878f80a721bb68ebfbc930e07b65ba72f2da88968ea5c06fd6ca3d3a127"

[[package]]
name = "foldhash"
version = "0.2.0"
source = "registry+https://github.com/rust-lang/crates.io-index"
checksum = "77ce24cb58228fbb8aa041425bb1050850ac19177686ea6e0f41a70416f56fdb"

[[package]]
name = "hashbrown"
version = "0.16.0"
source = "registry+https://github.com/rust-lang/crates.io-index"
checksum = "5419bdc4f6a9207fbeba6d11b604d481addf78ecd10c11ad51e76c2f6482748d"
dependencies = [
 "allocator-api2",
 "equivalent",
 "foldhash",
]

[[package]]
name = "indexmap"
version = "2.12.0"
source = "registry+https://github.com/rust-lang/crates.io-index"
checksum = "6717a8d2a5a929a1a2eb43a12812498ed141a0bcfb7e8f7844fbdbe4303bba9f"
dependencies = [
 "equivalent",
 "hashbrown",
]

[[package]]
name = "itoa"
version = "1.0.15"
source = "registry+https://github.com/rust-lang/crates.io-index"
checksum = "4a5f13b858c8d314ee3e8f639011f7ccefe71f97f96e50151fb991f267928e2c"

[[package]]
name = "kanaria"
version = "0.2.1"
source = "git+https://github.com/samunohito/kanaria.git?rev=18ca812a1fe8c7f30a753aecc2681db1f18031e8#18ca812a1fe8c7f30a753aecc2681db1f18031e8"
dependencies = [
 "bitflags",
]

[[package]]
name = "lazy-regex"
version = "3.4.1"
source = "registry+https://github.com/rust-lang/crates.io-index"
checksum = "60c7310b93682b36b98fa7ea4de998d3463ccbebd94d935d6b48ba5b6ffa7126"
dependencies = [
 "lazy-regex-proc_macros",
 "once_cell",
 "regex",
]

[[package]]
name = "lazy-regex-proc_macros"
version = "3.4.1"
source = "registry+https://github.com/rust-lang/crates.io-index"
checksum = "4ba01db5ef81e17eb10a5e0f2109d1b3a3e29bac3070fdbd7d156bf7dbd206a1"
dependencies = [
 "proc-macro2",
 "quote",
 "regex",
 "syn",
]

[[package]]
name = "lib-dict-to-mozc"
version = "0.6.16"
dependencies = [
 "csv",
 "hashbrown",
 "indexmap",
 "kanaria",
 "lazy-regex",
]

[[package]]
name = "libc"
version = "0.2.177"
source = "registry+https://github.com/rust-lang/crates.io-index"
checksum = "2874a2af47a2325c2001a6e6fad9b16a53b802102b528163885171cf92b15976"

[[package]]
name = "libmimalloc-sys"
version = "0.1.44"
source = "registry+https://github.com/rust-lang/crates.io-index"
checksum = "667f4fec20f29dfc6bc7357c582d91796c169ad7e2fce709468aefeb2c099870"
dependencies = [
 "cc",
 "libc",
]

[[package]]
name = "memchr"
version = "2.7.6"
source = "registry+https://github.com/rust-lang/crates.io-index"
checksum = "f52b00d39961fc5b2736ea853c9cc86238e165017a493d1d5c8eac6bdc4cc273"

[[package]]
name = "mimalloc"
version = "0.1.48"
source = "registry+https://github.com/rust-lang/crates.io-index"
checksum = "e1ee66a4b64c74f4ef288bcbb9192ad9c3feaad75193129ac8509af543894fd8"
dependencies = [
 "libmimalloc-sys",
]

[[package]]
name = "mimalloc-rust"
version = "0.2.1"
source = "registry+https://github.com/rust-lang/crates.io-index"
checksum = "5eb726c8298efb4010b2c46d8050e4be36cf807b9d9e98cb112f830914fc9bbe"
dependencies = [
 "cty",
 "mimalloc-rust-sys",
]

[[package]]
name = "mimalloc-rust-sys"
version = "1.7.9-source"
source = "registry+https://github.com/rust-lang/crates.io-index"
checksum = "6413e13241a9809f291568133eca6694572cf528c1a6175502d090adce5dd5db"
dependencies = [
 "cc",
 "cty",
]

[[package]]
name = "once_cell"
version = "1.21.3"
source = "registry+https://github.com/rust-lang/crates.io-index"
checksum = "42f5e15c9953c5e4ccceeb2e7382a716482c34515315f7b03532b8b4e8393d2d"

[[package]]
name = "proc-macro2"
version = "1.0.101"
source = "registry+https://github.com/rust-lang/crates.io-index"
checksum = "89ae43fd86e4158d6db51ad8e2b80f313af9cc74f5c0e03ccb87de09998732de"
dependencies = [
 "unicode-ident",
]

[[package]]
name = "quote"
version = "1.0.41"
source = "registry+https://github.com/rust-lang/crates.io-index"
checksum = "ce25767e7b499d1b604768e7cde645d14cc8584231ea6b295e9c9eb22c02e1d1"
dependencies = [
 "proc-macro2",
]

[[package]]
name = "regex"
version = "1.12.2"
source = "registry+https://github.com/rust-lang/crates.io-index"
checksum = "843bc0191f75f3e22651ae5f1e72939ab2f72a4bc30fa80a066bd66edefc24d4"
dependencies = [
 "aho-corasick",
 "memchr",
 "regex-automata",
 "regex-syntax",
]

[[package]]
name = "regex-automata"
version = "0.4.13"
source = "registry+https://github.com/rust-lang/crates.io-index"
checksum = "5276caf25ac86c8d810222b3dbb938e512c55c6831a10f3e6ed1c93b84041f1c"
dependencies = [
 "aho-corasick",
 "memchr",
 "regex-syntax",
]

[[package]]
name = "regex-syntax"
version = "0.8.8"
source = "registry+https://github.com/rust-lang/crates.io-index"
checksum = "7a2d987857b319362043e95f5353c0535c1f58eec5336fdfcf626430af7def58"

[[package]]
name = "rust-fuzzy-search"
version = "0.1.1"
source = "registry+https://github.com/rust-lang/crates.io-index"
checksum = "a157657054ffe556d8858504af8a672a054a6e0bd9e8ee531059100c0fa11bb2"

[[package]]
name = "ryu"
version = "1.0.20"
source = "registry+https://github.com/rust-lang/crates.io-index"
checksum = "28d3b2b1366ec20994f1fd18c3c594f05c5dd4bc44d8bb0c1c632c8d6829481f"

[[package]]
name = "serde_core"
version = "1.0.228"
source = "registry+https://github.com/rust-lang/crates.io-index"
checksum = "41d385c7d4ca58e59fc732af25c3983b67ac852c1a25000afe1175de458b67ad"
dependencies = [
 "serde_derive",
]

[[package]]
name = "serde_derive"
version = "1.0.228"
source = "registry+https://github.com/rust-lang/crates.io-index"
checksum = "d540f220d3187173da220f885ab66608367b6574e925011a9353e4badda91d79"
dependencies = [
 "proc-macro2",
 "quote",
 "syn",
]

[[package]]
name = "shlex"
version = "1.3.0"
source = "registry+https://github.com/rust-lang/crates.io-index"
checksum = "0fda2ff0d084019ba4d7c6f371c95d8fd75ce3524c3cb8fb653a3023f6323e64"

[[package]]
name = "snmalloc-rs"
version = "0.3.8"
source = "registry+https://github.com/rust-lang/crates.io-index"
checksum = "eb317153089fdfa4d8a2eec059d40a5a23c3bde43995ea23b19121c3f621e74a"
dependencies = [
 "snmalloc-sys",
]

[[package]]
name = "snmalloc-sys"
version = "0.3.8"
source = "registry+https://github.com/rust-lang/crates.io-index"
checksum = "065fea53d32bb77bc36cca466cb191f2e5216ebfd0ed360b1d64889ee6e559ea"
dependencies = [
 "cmake",
]

[[package]]
name = "syn"
version = "2.0.107"
source = "registry+https://github.com/rust-lang/crates.io-index"
checksum = "2a26dbd934e5451d21ef060c018dae56fc073894c5a7896f882928a76e6d081b"
dependencies = [
 "proc-macro2",
 "quote",
 "unicode-ident",
]

[[package]]
name = "tcmalloc"
version = "0.3.0"
source = "registry+https://github.com/rust-lang/crates.io-index"
checksum = "375205113d84a1c5eeed67beaa0ce08e41be1a9d5acc3425ad2381fddd9d819b"

[[package]]
name = "unicode-ident"
version = "1.0.19"
source = "registry+https://github.com/rust-lang/crates.io-index"
checksum = "f63a545481291138910575129486daeaf8ac54aee4387fe7906919f7830c7d9d"
